
Microsoft Visual Studio Solution File, Format Version 12.00
# Visual Studio Version 16
VisualStudioVersion = 16.0.30523.141
MinimumVisualStudioVersion = 10.0.40219.1
Project("{FAE04EC0-301F-11D3-BF4B-00C04F79EFBC}") = "HausingEstate", "HausingEstate\HausingEstate.csproj", "{2AB4519E-1438-4823-A3E2-1E0761E5CC3B}"
EndProject
Global
	GlobalSection(SolutionConfigurationPlatforms) = preSolution
		Debug|Any CPU = Debug|Any CPU
		Release|Any CPU = Release|Any CPU
	EndGlobalSection
	GlobalSection(ProjectConfigurationPlatforms) = postSolution
		{2AB4519E-1438-4823-A3E2-1E0761E5CC3B}.Debug|Any CPU.ActiveCfg = Debug|Any CPU
		{2AB4519E-1438-4823-A3E2-1E0761E5CC3B}.Debug|Any CPU.Build.0 = Debug|Any CPU
		{2AB4519E-1438-4823-A3E2-1E0761E5CC3B}.Release|Any CPU.ActiveCfg = Release|Any CPU
		{2AB4519E-1438-4823-A3E2-1E0761E5CC3B}.Release|Any CPU.Build.0 = Release|Any CPU
	EndGlobalSection
	GlobalSection(SolutionProperties) = preSolution
		HideSolutionNode = FALSE
	EndGlobalSection
	GlobalSection(ExtensibilityGlobals) = postSolution
		SolutionGuid = {4CCBDA24-7E94-44C3-A0FB-72B9B61911D7}
	EndGlobalSection
EndGlobal
